
Microsoft Visual Studio Solution File, Format Version 12.00
# Visual Studio Version 16
VisualStudioVersion = 16.0.32802.440
MinimumVisualStudioVersion = 10.0.40219.1
Project("{FAE04EC0-301F-11D3-BF4B-00C04F79EFBC}") = "Bestanden", "Bestanden\Bestanden.csproj", "{AA08576A-A48F-4A76-9664-B52AD8E39488}"
EndProject
Global
	GlobalSection(SolutionConfigurationPlatforms) = preSolution
		Debug|Any CPU = Debug|Any CPU
		Release|Any CPU = Release|Any CPU
	EndGlobalSection
	GlobalSection(ProjectConfigurationPlatforms) = postSolution
		{AA08576A-A48F-4A76-9664-B52AD8E39488}.Debug|Any CPU.ActiveCfg = Debug|Any CPU
		{AA08576A-A48F-4A76-9664-B52AD8E39488}.Debug|Any CPU.Build.0 = Debug|Any CPU
		{AA08576A-A48F-4A76-9664-B52AD8E39488}.Release|Any CPU.ActiveCfg = Release|Any CPU
		{AA08576A-A48F-4A76-9664-B52AD8E39488}.Release|Any CPU.Build.0 = Release|Any CPU
	EndGlobalSection
	GlobalSection(SolutionProperties) = preSolution
		HideSolutionNode = FALSE
	EndGlobalSection
	GlobalSection(ExtensibilityGlobals) = postSolution
		SolutionGuid = {24A9BDFB-959B-4D88-BCF4-38D8E3427773}
	EndGlobalSection
EndGlobal
